// !$*UTF8*$!
{
	archiveVersion = 1;
	classes = {
	};
	objectVersion = 46;
	objects = {

/* Begin PBXBuildFile section */
		37977AAB14BA3C69005B9325 /* SenTestingKit.framework in Frameworks */ = {isa = PBXBuildFile; fileRef = 37977AAA14BA3C69005B9325 /* SenTestingKit.framework */; };
		37977ABA14BA3C69005B9325 /* TaggedPointersTests.m in Sources */ = {isa = PBXBuildFile; fileRef = 37977AB914BA3C69005B9325 /* TaggedPointersTests.m */; };
		37977AC014BA3F0D005B9325 /* Foundation.framework in Frameworks */ = {isa = PBXBuildFile; fileRef = 37CB8D61149E41F300FFDA9A /* Foundation.framework */; };
		37977AC114BA3F0F005B9325 /* CoreData.framework in Frameworks */ = {isa = PBXBuildFile; fileRef = 37B0A36B14A4ED8E00C83CA5 /* CoreData.framework */; };
/* End PBXBuildFile section */

/* Begin PBXFileReference section */
		37977AA914BA3C69005B9325 /* TaggedPointersTests.octest */ = {isa = PBXFileReference; explicitFileType = wrapper.cfbundle; includeInIndex = 0; path = TaggedPointersTests.octest; sourceTree = BUILT_PRODUCTS_DIR; };
		37977AAA14BA3C69005B9325 /* SenTestingKit.framework */ = {isa = PBXFileReference; lastKnownFileType = wrapper.framework; name = SenTestingKit.framework; path = Library/Frameworks/SenTestingKit.framework; sourceTree = DEVELOPER_DIR; };
		37977AB414BA3C69005B9325 /* Info.plist */ = {isa = PBXFileReference; lastKnownFileType = text.plist.xml; path = Info.plist; sourceTree = "<group>"; };
		37977AB914BA3C69005B9325 /* TaggedPointersTests.m */ = {isa = PBXFileReference; lastKnownFileType = sourcecode.c.objc; path = TaggedPointersTests.m; sourceTree = "<group>"; };
		37B0A36B14A4ED8E00C83CA5 /* CoreData.framework */ = {isa = PBXFileReference; lastKnownFileType = wrapper.framework; name = CoreData.framework; path = System/Library/Frameworks/CoreData.framework; sourceTree = SDKROOT; };
		37CB8D61149E41F300FFDA9A /* Foundation.framework */ = {isa = PBXFileReference; lastKnownFileType = wrapper.framework; name = Foundation.framework; path = System/Library/Frameworks/Foundation.framework; sourceTree = SDKROOT; };
/* End PBXFileReference section */

/* Begin PBXFrameworksBuildPhase section */
		37977AA514BA3C69005B9325 /* Frameworks */ = {
			isa = PBXFrameworksBuildPhase;
			buildActionMask = 2147483647;
			files = (
				37977AC014BA3F0D005B9325 /* Foundation.framework in Frameworks */,
				37977AC114BA3F0F005B9325 /* CoreData.framework in Frameworks */,
				37977AAB14BA3C69005B9325 /* SenTestingKit.framework in Frameworks */,
			);
			runOnlyForDeploymentPostprocessing = 0;
		};
/* End PBXFrameworksBuildPhase section */

/* Begin PBXGroup section */
		37CB8D52149E41F300FFDA9A = {
			isa = PBXGroup;
			children = (
				37977AB914BA3C69005B9325 /* TaggedPointersTests.m */,
				37977AB414BA3C69005B9325 /* Info.plist */,
				37CB8D60149E41F300FFDA9A /* Frameworks */,
				37CB8D5E149E41F300FFDA9A /* Products */,
			);
			sourceTree = "<group>";
		};
		37CB8D5E149E41F300FFDA9A /* Products */ = {
			isa = PBXGroup;
			children = (
				37977AA914BA3C69005B9325 /* TaggedPointersTests.octest */,
			);
			name = Products;
			sourceTree = "<group>";
		};
		37CB8D60149E41F300FFDA9A /* Frameworks */ = {
			isa = PBXGroup;
			children = (
				37B0A36B14A4ED8E00C83CA5 /* CoreData.framework */,
				37CB8D61149E41F300FFDA9A /* Foundation.framework */,
				37977AAA14BA3C69005B9325 /* SenTestingKit.framework */,
			);
			name = Frameworks;
			sourceTree = "<group>";
		};
/* End PBXGroup section */

/* Begin PBXNativeTarget section */
		37977AA814BA3C69005B9325 /* TaggedPointersTests */ = {
			isa = PBXNativeTarget;
			buildConfigurationList = 37977ABE14BA3C69005B9325 /* Build configuration list for PBXNativeTarget "TaggedPointersTests" */;
			buildPhases = (
				37977AA414BA3C69005B9325 /* Sources */,
				37977AA514BA3C69005B9325 /* Frameworks */,
				37977AA614BA3C69005B9325 /* Resources */,
				37977AA714BA3C69005B9325 /* ShellScript */,
			);
			buildRules = (
			);
			dependencies = (
			);
			name = TaggedPointersTests;
			productName = TaggedPointers;
			productReference = 37977AA914BA3C69005B9325 /* TaggedPointersTests.octest */;
			productType = "com.apple.product-type.bundle";
		};
/* End PBXNativeTarget section */

/* Begin PBXProject section */
		37CB8D54149E41F300FFDA9A /* Project object */ = {
			isa = PBXProject;
			attributes = {
				LastUpgradeCheck = 0430;
				ORGANIZATIONNAME = Visuamobile;
			};
			buildConfigurationList = 37CB8D57149E41F300FFDA9A /* Build configuration list for PBXProject "TaggedPointersTests" */;
			compatibilityVersion = "Xcode 3.2";
			developmentRegion = English;
			hasScannedForEncodings = 0;
			knownRegions = (
				en,
			);
			mainGroup = 37CB8D52149E41F300FFDA9A;
			productRefGroup = 37CB8D5E149E41F300FFDA9A /* Products */;
			projectDirPath = "";
			projectRoot = "";
			targets = (
				37977AA814BA3C69005B9325 /* TaggedPointersTests */,
			);
		};
/* End PBXProject section */

/* Begin PBXResourcesBuildPhase section */
		37977AA614BA3C69005B9325 /* Resources */ = {
			isa = PBXResourcesBuildPhase;
			buildActionMask = 2147483647;
			files = (
			);
			runOnlyForDeploymentPostprocessing = 0;
		};
/* End PBXResourcesBuildPhase section */

/* Begin PBXShellScriptBuildPhase section */
		37977AA714BA3C69005B9325 /* ShellScript */ = {
			isa = PBXShellScriptBuildPhase;
			buildActionMask = 2147483647;
			files = (
			);
			inputPaths = (
			);
			outputPaths = (
			);
			runOnlyForDeploymentPostprocessing = 0;
			shellPath = /bin/sh;
			shellScript = "# Run the unit tests in this test bundle.\n\"${SYSTEM_DEVELOPER_DIR}/Tools/RunUnitTests\"\n";
		};
/* End PBXShellScriptBuildPhase section */

/* Begin PBXSourcesBuildPhase section */
		37977AA414BA3C69005B9325 /* Sources */ = {
			isa = PBXSourcesBuildPhase;
			buildActionMask = 2147483647;
			files = (
				37977ABA14BA3C69005B9325 /* TaggedPointersTests.m in Sources */,
			);
			runOnlyForDeploymentPostprocessing = 0;
		};
/* End PBXSourcesBuildPhase section */

/* Begin XCBuildConfiguration section */
		37977ABC14BA3C69005B9325 /* Debug */ = {
			isa = XCBuildConfiguration;
			buildSettings = {
				CLANG_ENABLE_OBJC_ARC = YES;
				FRAMEWORK_SEARCH_PATHS = "$(DEVELOPER_LIBRARY_DIR)/Frameworks";
				GCC_WARN_ABOUT_MISSING_PROTOTYPES = YES;
				INFOPLIST_FILE = Info.plist;
				PRODUCT_NAME = "$(TARGET_NAME)";
				WRAPPER_EXTENSION = octest;
			};
			name = Debug;
		};
		37977ABD14BA3C69005B9325 /* Release */ = {
			isa = XCBuildConfiguration;
			buildSettings = {
				CLANG_ENABLE_OBJC_ARC = YES;
				FRAMEWORK_SEARCH_PATHS = "$(DEVELOPER_LIBRARY_DIR)/Frameworks";
				GCC_WARN_ABOUT_MISSING_PROTOTYPES = YES;
				INFOPLIST_FILE = Info.plist;
				PRODUCT_NAME = "$(TARGET_NAME)";
				WRAPPER_EXTENSION = octest;
			};
			name = Release;
		};
		37CB8D6A149E41F300FFDA9A /* Debug */ = {
			isa = XCBuildConfiguration;
			buildSettings = {
				ALWAYS_SEARCH_USER_PATHS = NO;
				ARCHS = "$(ARCHS_STANDARD_64_BIT)";
				CLANG_ENABLE_OBJC_ARC = NO;
				COPY_PHASE_STRIP = NO;
				GCC_C_LANGUAGE_STANDARD = gnu99;
				GCC_DYNAMIC_NO_PIC = NO;
				GCC_ENABLE_OBJC_EXCEPTIONS = YES;
				GCC_OPTIMIZATION_LEVEL = 0;
				GCC_PREPROCESSOR_DEFINITIONS = (
					"DEBUG=1",
					"$(inherited)",
				);
				GCC_SYMBOLS_PRIVATE_EXTERN = NO;
				GCC_VERSION = com.apple.compilers.llvm.clang.1_0;
				GCC_WARN_64_TO_32_BIT_CONVERSION = YES;
				GCC_WARN_ABOUT_RETURN_TYPE = YES;
				GCC_WARN_UNINITIALIZED_AUTOS = YES;
				GCC_WARN_UNUSED_VARIABLE = YES;
				MACOSX_DEPLOYMENT_TARGET = 10.7;
				ONLY_ACTIVE_ARCH = YES;
				SDKROOT = macosx;
			};
			name = Debug;
		};
		37CB8D6B149E41F300FFDA9A /* Release */ = {
			isa = XCBuildConfiguration;
			buildSettings = {
				ALWAYS_SEARCH_USER_PATHS = NO;
				ARCHS = "$(ARCHS_STANDARD_64_BIT)";
				CLANG_ENABLE_OBJC_ARC = NO;
				COPY_PHASE_STRIP = YES;
				DEBUG_INFORMATION_FORMAT = "dwarf-with-dsym";
				GCC_C_LANGUAGE_STANDARD = gnu99;
				GCC_ENABLE_OBJC_EXCEPTIONS = YES;
				GCC_VERSION = com.apple.compilers.llvm.clang.1_0;
				GCC_WARN_64_TO_32_BIT_CONVERSION = YES;
				GCC_WARN_ABOUT_RETURN_TYPE = YES;
				GCC_WARN_UNINITIALIZED_AUTOS = YES;
				GCC_WARN_UNUSED_VARIABLE = YES;
				MACOSX_DEPLOYMENT_TARGET = 10.7;
				SDKROOT = macosx;
			};
			name = Release;
		};
/* End XCBuildConfiguration section */

/* Begin XCConfigurationList section */
		37977ABE14BA3C69005B9325 /* Build configuration list for PBXNativeTarget "TaggedPointersTests" */ = {
			isa = XCConfigurationList;
			buildConfigurations = (
				37977ABC14BA3C69005B9325 /* Debug */,
				37977ABD14BA3C69005B9325 /* Release */,
			);
			defaultConfigurationIsVisible = 0;
		};
		37CB8D57149E41F300FFDA9A /* Build configuration list for PBXProject "TaggedPointersTests" */ = {
			isa = XCConfigurationList;
			buildConfigurations = (
				37CB8D6A149E41F300FFDA9A /* Debug */,
				37CB8D6B149E41F300FFDA9A /* Release */,
			);
			defaultConfigurationIsVisible = 0;
			defaultConfigurationName = Release;
		};
/* End XCConfigurationList section */
	};
	rootObject = 37CB8D54149E41F300FFDA9A /* Project object */;
}
